// !$*UTF8*$!
{
	archiveVersion = 1;
	classes = {
	};
	objectVersion = 56;
	objects = {

/* Begin PBXBuildFile section */
		76BB86E62B70E42F00A2FB9A /* MVVM_To_DoApp.swift in Sources */ = {isa = PBXBuildFile; fileRef = 76BB86E52B70E42F00A2FB9A /* MVVM_To_DoApp.swift */; };
		76BB86EA2B70E43100A2FB9A /* Assets.xcassets in Resources */ = {isa = PBXBuildFile; fileRef = 76BB86E92B70E43100A2FB9A /* Assets.xcassets */; };
		76BB86ED2B70E43100A2FB9A /* Preview Assets.xcassets in Resources */ = {isa = PBXBuildFile; fileRef = 76BB86EC2B70E43100A2FB9A /* Preview Assets.xcassets */; };
		76BB86F52B70E4D900A2FB9A /* ListView.swift in Sources */ = {isa = PBXBuildFile; fileRef = 76BB86F42B70E4D900A2FB9A /* ListView.swift */; };
		76BB86F72B70E61C00A2FB9A /* ListRowView.swift in Sources */ = {isa = PBXBuildFile; fileRef = 76BB86F62B70E61C00A2FB9A /* ListRowView.swift */; };
		76BB86F92B70E79800A2FB9A /* AddView.swift in Sources */ = {isa = PBXBuildFile; fileRef = 76BB86F82B70E79800A2FB9A /* AddView.swift */; };
		76BB86FC2B70EA0E00A2FB9A /* ItemModel.swift in Sources */ = {isa = PBXBuildFile; fileRef = 76BB86FB2B70EA0E00A2FB9A /* ItemModel.swift */; };
		76BB86FF2B70F0A200A2FB9A /* ListViewModel.swift in Sources */ = {isa = PBXBuildFile; fileRef = 76BB86FE2B70F0A200A2FB9A /* ListViewModel.swift */; };
		76BB87012B710DB000A2FB9A /* NoView.swift in Sources */ = {isa = PBXBuildFile; fileRef = 76BB87002B710DAF00A2FB9A /* NoView.swift */; };
		76BB87032B7113B300A2FB9A /* LaunchScreen.storyboard in Resources */ = {isa = PBXBuildFile; fileRef = 76BB87022B7113B300A2FB9A /* LaunchScreen.storyboard */; };
/* End PBXBuildFile section */

/* Begin PBXFileReference section */
		76BB86E22B70E42F00A2FB9A /* MVVM To_Do.app */ = {isa = PBXFileReference; explicitFileType = wrapper.application; includeInIndex = 0; path = "MVVM To_Do.app"; sourceTree = BUILT_PRODUCTS_DIR; };
		76BB86E52B70E42F00A2FB9A /* MVVM_To_DoApp.swift */ = {isa = PBXFileReference; lastKnownFileType = sourcecode.swift; path = MVVM_To_DoApp.swift; sourceTree = "<group>"; };
		76BB86E92B70E43100A2FB9A /* Assets.xcassets */ = {isa = PBXFileReference; lastKnownFileType = folder.assetcatalog; path = Assets.xcassets; sourceTree = "<group>"; };
		76BB86EC2B70E43100A2FB9A /* Preview Assets.xcassets */ = {isa = PBXFileReference; lastKnownFileType = folder.assetcatalog; path = "Preview Assets.xcassets"; sourceTree = "<group>"; };
		76BB86F42B70E4D900A2FB9A /* ListView.swift */ = {isa = PBXFileReference; lastKnownFileType = sourcecode.swift; path = ListView.swift; sourceTree = "<group>"; };
		76BB86F62B70E61C00A2FB9A /* ListRowView.swift */ = {isa = PBXFileReference; lastKnownFileType = sourcecode.swift; path = ListRowView.swift; sourceTree = "<group>"; };
		76BB86F82B70E79800A2FB9A /* AddView.swift */ = {isa = PBXFileReference; lastKnownFileType = sourcecode.swift; path = AddView.swift; sourceTree = "<group>"; };
		76BB86FB2B70EA0E00A2FB9A /* ItemModel.swift */ = {isa = PBXFileReference; lastKnownFileType = sourcecode.swift; path = ItemModel.swift; sourceTree = "<group>"; };
		76BB86FE2B70F0A200A2FB9A /* ListViewModel.swift */ = {isa = PBXFileReference; lastKnownFileType = sourcecode.swift; path = ListViewModel.swift; sourceTree = "<group>"; };
		76BB87002B710DAF00A2FB9A /* NoView.swift */ = {isa = PBXFileReference; lastKnownFileType = sourcecode.swift; path = NoView.swift; sourceTree = "<group>"; };
		76BB87022B7113B300A2FB9A /* LaunchScreen.storyboard */ = {isa = PBXFileReference; lastKnownFileType = file.storyboard; path = LaunchScreen.storyboard; sourceTree = "<group>"; };
/* End PBXFileReference section */

/* Begin PBXFrameworksBuildPhase section */
		76BB86DF2B70E42F00A2FB9A /* Frameworks */ = {
			isa = PBXFrameworksBuildPhase;
			buildActionMask = 2147483647;
			files = (
			);
			runOnlyForDeploymentPostprocessing = 0;
		};
/* End PBXFrameworksBuildPhase section */

/* Begin PBXGroup section */
		76BB86D92B70E42F00A2FB9A = {
			isa = PBXGroup;
			children = (
				76BB86E52B70E42F00A2FB9A /* MVVM_To_DoApp.swift */,
				76BB86FA2B70E9F900A2FB9A /* Modela */,
				76BB86F32B70E4C500A2FB9A /* View */,
				76BB86E42B70E42F00A2FB9A /* MVVM To_Do */,
				76BB86E32B70E42F00A2FB9A /* Products */,
			);
			sourceTree = "<group>";
		};
		76BB86E32B70E42F00A2FB9A /* Products */ = {
			isa = PBXGroup;
			children = (
				76BB86E22B70E42F00A2FB9A /* MVVM To_Do.app */,
			);
			name = Products;
			sourceTree = "<group>";
		};
		76BB86E42B70E42F00A2FB9A /* MVVM To_Do */ = {
			isa = PBXGroup;
			children = (
				76BB86E92B70E43100A2FB9A /* Assets.xcassets */,
				76BB86EB2B70E43100A2FB9A /* Preview Content */,
			);
			path = "MVVM To_Do";
			sourceTree = "<group>";
		};
		76BB86EB2B70E43100A2FB9A /* Preview Content */ = {
			isa = PBXGroup;
			children = (
				76BB86EC2B70E43100A2FB9A /* Preview Assets.xcassets */,
			);
			path = "Preview Content";
			sourceTree = "<group>";
		};
		76BB86F32B70E4C500A2FB9A /* View */ = {
			isa = PBXGroup;
			children = (
				76BB86F42B70E4D900A2FB9A /* ListView.swift */,
				76BB87002B710DAF00A2FB9A /* NoView.swift */,
				76BB86F82B70E79800A2FB9A /* AddView.swift */,
				76BB86F62B70E61C00A2FB9A /* ListRowView.swift */,
				76BB87022B7113B300A2FB9A /* LaunchScreen.storyboard */,
			);
			path = View;
			sourceTree = "<group>";
		};
		76BB86FA2B70E9F900A2FB9A /* Modela */ = {
			isa = PBXGroup;
			children = (
				76BB86FB2B70EA0E00A2FB9A /* ItemModel.swift */,
				76BB86FD2B70F08900A2FB9A /* ViewModels */,
			);
			path = Modela;
			sourceTree = "<group>";
		};
		76BB86FD2B70F08900A2FB9A /* ViewModels */ = {
			isa = PBXGroup;
			children = (
				76BB86FE2B70F0A200A2FB9A /* ListViewModel.swift */,
			);
			path = ViewModels;
			sourceTree = "<group>";
		};
/* End PBXGroup section */

/* Begin PBXNativeTarget section */
		76BB86E12B70E42F00A2FB9A /* MVVM To_Do */ = {
			isa = PBXNativeTarget;
			buildConfigurationList = 76BB86F02B70E43100A2FB9A /* Build configuration list for PBXNativeTarget "MVVM To_Do" */;
			buildPhases = (
				76BB86DE2B70E42F00A2FB9A /* Sources */,
				76BB86DF2B70E42F00A2FB9A /* Frameworks */,
				76BB86E02B70E42F00A2FB9A /* Resources */,
			);
			buildRules = (
			);
			dependencies = (
			);
			name = "MVVM To_Do";
			productName = "MVVM To_Do";
			productReference = 76BB86E22B70E42F00A2FB9A /* MVVM To_Do.app */;
			productType = "com.apple.product-type.application";
		};
/* End PBXNativeTarget section */

/* Begin PBXProject section */
		76BB86DA2B70E42F00A2FB9A /* Project object */ = {
			isa = PBXProject;
			attributes = {
				BuildIndependentTargetsInParallel = 1;
				LastSwiftUpdateCheck = 1520;
				LastUpgradeCheck = 1520;
				TargetAttributes = {
					76BB86E12B70E42F00A2FB9A = {
						CreatedOnToolsVersion = 15.2;
					};
				};
			};
			buildConfigurationList = 76BB86DD2B70E42F00A2FB9A /* Build configuration list for PBXProject "MVVM To_Do" */;
			compatibilityVersion = "Xcode 14.0";
			developmentRegion = en;
			hasScannedForEncodings = 0;
			knownRegions = (
				en,
				Base,
			);
			mainGroup = 76BB86D92B70E42F00A2FB9A;
			productRefGroup = 76BB86E32B70E42F00A2FB9A /* Products */;
			projectDirPath = "";
			projectRoot = "";
			targets = (
				76BB86E12B70E42F00A2FB9A /* MVVM To_Do */,
			);
		};
/* End PBXProject section */

/* Begin PBXResourcesBuildPhase section */
		76BB86E02B70E42F00A2FB9A /* Resources */ = {
			isa = PBXResourcesBuildPhase;
			buildActionMask = 2147483647;
			files = (
				76BB87032B7113B300A2FB9A /* LaunchScreen.storyboard in Resources */,
				76BB86ED2B70E43100A2FB9A /* Preview Assets.xcassets in Resources */,
				76BB86EA2B70E43100A2FB9A /* Assets.xcassets in Resources */,
			);
			runOnlyForDeploymentPostprocessing = 0;
		};
/* End PBXResourcesBuildPhase section */

/* Begin PBXSourcesBuildPhase section */
		76BB86DE2B70E42F00A2FB9A /* Sources */ = {
			isa = PBXSourcesBuildPhase;
			buildActionMask = 2147483647;
			files = (
				76BB86FC2B70EA0E00A2FB9A /* ItemModel.swift in Sources */,
				76BB87012B710DB000A2FB9A /* NoView.swift in Sources */,
				76BB86F92B70E79800A2FB9A /* AddView.swift in Sources */,
				76BB86FF2B70F0A200A2FB9A /* ListViewModel.swift in Sources */,
				76BB86E62B70E42F00A2FB9A /* MVVM_To_DoApp.swift in Sources */,
				76BB86F52B70E4D900A2FB9A /* ListView.swift in Sources */,
				76BB86F72B70E61C00A2FB9A /* ListRowView.swift in Sources */,
			);
			runOnlyForDeploymentPostprocessing = 0;
		};
/* End PBXSourcesBuildPhase section */

/* Begin XCBuildConfiguration section */
		76BB86EE2B70E43100A2FB9A /* Debug */ = {
			isa = XCBuildConfiguration;
			buildSettings = {
				ALWAYS_SEARCH_USER_PATHS = NO;
				ASSETCATALOG_COMPILER_GENERATE_SWIFT_ASSET_SYMBOL_EXTENSIONS = YES;
				CLANG_ANALYZER_NONNULL = YES;
				CLANG_ANALYZER_NUMBER_OBJECT_CONVERSION = YES_AGGRESSIVE;
				CLANG_CXX_LANGUAGE_STANDARD = "gnu++20";
				CLANG_ENABLE_MODULES = YES;
				CLANG_ENABLE_OBJC_ARC = YES;
				CLANG_ENABLE_OBJC_WEAK = YES;
				CLANG_WARN_BLOCK_CAPTURE_AUTORELEASING = YES;
				CLANG_WARN_BOOL_CONVERSION = YES;
				CLANG_WARN_COMMA = YES;
				CLANG_WARN_CONSTANT_CONVERSION = YES;
				CLANG_WARN_DEPRECATED_OBJC_IMPLEMENTATIONS = YES;
				CLANG_WARN_DIRECT_OBJC_ISA_USAGE = YES_ERROR;
				CLANG_WARN_DOCUMENTATION_COMMENTS = YES;
				CLANG_WARN_EMPTY_BODY = YES;
				CLANG_WARN_ENUM_CONVERSION = YES;
				CLANG_WARN_INFINITE_RECURSION = YES;
				CLANG_WARN_INT_CONVERSION = YES;
				CLANG_WARN_NON_LITERAL_NULL_CONVERSION = YES;
				CLANG_WARN_OBJC_IMPLICIT_RETAIN_SELF = YES;
				CLANG_WARN_OBJC_LITERAL_CONVERSION = YES;
				CLANG_WARN_OBJC_ROOT_CLASS = YES_ERROR;
				CLANG_WARN_QUOTED_INCLUDE_IN_FRAMEWORK_HEADER = YES;
				CLANG_WARN_RANGE_LOOP_ANALYSIS = YES;
				CLANG_WARN_STRICT_PROTOTYPES = YES;
				CLANG_WARN_SUSPICIOUS_MOVE = YES;
				CLANG_WARN_UNGUARDED_AVAILABILITY = YES_AGGRESSIVE;
				CLANG_WARN_UNREACHABLE_CODE = YES;
				CLANG_WARN__DUPLICATE_METHOD_MATCH = YES;
				COPY_PHASE_STRIP = NO;
				DEBUG_INFORMATION_FORMAT = dwarf;
				ENABLE_STRICT_OBJC_MSGSEND = YES;
				ENABLE_TESTABILITY = YES;
				ENABLE_USER_SCRIPT_SANDBOXING = YES;
				GCC_C_LANGUAGE_STANDARD = gnu17;
				GCC_DYNAMIC_NO_PIC = NO;
				GCC_NO_COMMON_BLOCKS = YES;
				GCC_OPTIMIZATION_LEVEL = 0;
				GCC_PREPROCESSOR_DEFINITIONS = (
					"DEBUG=1",
					"$(inherited)",
				);
				GCC_WARN_64_TO_32_BIT_CONVERSION = YES;
				GCC_WARN_ABOUT_RETURN_TYPE = YES_ERROR;
				GCC_WARN_UNDECLARED_SELECTOR = YES;
				GCC_WARN_UNINITIALIZED_AUTOS = YES_AGGRESSIVE;
				GCC_WARN_UNUSED_FUNCTION = YES;
				GCC_WARN_UNUSED_VARIABLE = YES;
				IPHONEOS_DEPLOYMENT_TARGET = 17.2;
				LOCALIZATION_PREFERS_STRING_CATALOGS = YES;
				MTL_ENABLE_DEBUG_INFO = INCLUDE_SOURCE;
				MTL_FAST_MATH = YES;
				ONLY_ACTIVE_ARCH = YES;
				SDKROOT = iphoneos;
				SWIFT_ACTIVE_COMPILATION_CONDITIONS = "DEBUG $(inherited)";
				SWIFT_OPTIMIZATION_LEVEL = "-Onone";
			};
			name = Debug;
		};
		76BB86EF2B70E43100A2FB9A /* Release */ = {
			isa = XCBuildConfiguration;
			buildSettings = {
				ALWAYS_SEARCH_USER_PATHS = NO;
				ASSETCATALOG_COMPILER_GENERATE_SWIFT_ASSET_SYMBOL_EXTENSIONS = YES;
				CLANG_ANALYZER_NONNULL = YES;
				CLANG_ANALYZER_NUMBER_OBJECT_CONVERSION = YES_AGGRESSIVE;
				CLANG_CXX_LANGUAGE_STANDARD = "gnu++20";
				CLANG_ENABLE_MODULES = YES;
				CLANG_ENABLE_OBJC_ARC = YES;
				CLANG_ENABLE_OBJC_WEAK = YES;
				CLANG_WARN_BLOCK_CAPTURE_AUTORELEASING = YES;
				CLANG_WARN_BOOL_CONVERSION = YES;
				CLANG_WARN_COMMA = YES;
				CLANG_WARN_CONSTANT_CONVERSION = YES;
				CLANG_WARN_DEPRECATED_OBJC_IMPLEMENTATIONS = YES;
				CLANG_WARN_DIRECT_OBJC_ISA_USAGE = YES_ERROR;
				CLANG_WARN_DOCUMENTATION_COMMENTS = YES;
				CLANG_WARN_EMPTY_BODY = YES;
				CLANG_WARN_ENUM_CONVERSION = YES;
				CLANG_WARN_INFINITE_RECURSION = YES;
				CLANG_WARN_INT_CONVERSION = YES;
				CLANG_WARN_NON_LITERAL_NULL_CONVERSION = YES;
				CLANG_WARN_OBJC_IMPLICIT_RETAIN_SELF = YES;
				CLANG_WARN_OBJC_LITERAL_CONVERSION = YES;
				CLANG_WARN_OBJC_ROOT_CLASS = YES_ERROR;
				CLANG_WARN_QUOTED_INCLUDE_IN_FRAMEWORK_HEADER = YES;
				CLANG_WARN_RANGE_LOOP_ANALYSIS = YES;
				CLANG_WARN_STRICT_PROTOTYPES = YES;
				CLANG_WARN_SUSPICIOUS_MOVE = YES;
				CLANG_WARN_UNGUARDED_AVAILABILITY = YES_AGGRESSIVE;
				CLANG_WARN_UNREACHABLE_CODE = YES;
				CLANG_WARN__DUPLICATE_METHOD_MATCH = YES;
				COPY_PHASE_STRIP = NO;
				DEBUG_INFORMATION_FORMAT = "dwarf-with-dsym";
				ENABLE_NS_ASSERTIONS = NO;
				ENABLE_STRICT_OBJC_MSGSEND = YES;
				ENABLE_USER_SCRIPT_SANDBOXING = YES;
				GCC_C_LANGUAGE_STANDARD = gnu17;
				GCC_NO_COMMON_BLOCKS = YES;
				GCC_WARN_64_TO_32_BIT_CONVERSION = YES;
				GCC_WARN_ABOUT_RETURN_TYPE = YES_ERROR;
				GCC_WARN_UNDECLARED_SELECTOR = YES;
				GCC_WARN_UNINITIALIZED_AUTOS = YES_AGGRESSIVE;
				GCC_WARN_UNUSED_FUNCTION = YES;
				GCC_WARN_UNUSED_VARIABLE = YES;
				IPHONEOS_DEPLOYMENT_TARGET = 17.2;
				LOCALIZATION_PREFERS_STRING_CATALOGS = YES;
				MTL_ENABLE_DEBUG_INFO = NO;
				MTL_FAST_MATH = YES;
				SDKROOT = iphoneos;
				SWIFT_COMPILATION_MODE = wholemodule;
				VALIDATE_PRODUCT = YES;
			};
			name = Release;
		};
		76BB86F12B70E43100A2FB9A /* Debug */ = {
			isa = XCBuildConfiguration;
			buildSettings = {
				ASSETCATALOG_COMPILER_APPICON_NAME = AppIcon;
				ASSETCATALOG_COMPILER_GLOBAL_ACCENT_COLOR_NAME = AccentColor;
				CODE_SIGN_STYLE = Automatic;
				CURRENT_PROJECT_VERSION = 1;
				DEVELOPMENT_ASSET_PATHS = "\"MVVM To_Do/Preview Content\"";
				ENABLE_PREVIEWS = YES;
				GENERATE_INFOPLIST_FILE = YES;
				INFOPLIST_KEY_CFBundleDisplayName = "Do Stuff";
				INFOPLIST_KEY_UIApplicationSceneManifest_Generation = YES;
				INFOPLIST_KEY_UIApplicationSupportsIndirectInputEvents = YES;
				INFOPLIST_KEY_UILaunchScreen_Generation = YES;
				INFOPLIST_KEY_UILaunchStoryboardName = LaunchScreen.storyboard;
				INFOPLIST_KEY_UISupportedInterfaceOrientations_iPad = "UIInterfaceOrientationPortrait UIInterfaceOrientationPortraitUpsideDown UIInterfaceOrientationLandscapeLeft UIInterfaceOrientationLandscapeRight";
				INFOPLIST_KEY_UISupportedInterfaceOrientations_iPhone = "UIInterfaceOrientationPortrait UIInterfaceOrientationLandscapeLeft UIInterfaceOrientationLandscapeRight";
				LD_RUNPATH_SEARCH_PATHS = (
					"$(inherited)",
					"@executable_path/Frameworks",
				);
				MARKETING_VERSION = 1.0;
				PRODUCT_BUNDLE_IDENTIFIER = "piyushchandra.MVVM-To-Do";
				PRODUCT_NAME = "$(TARGET_NAME)";
				SWIFT_EMIT_LOC_STRINGS = YES;
				SWIFT_VERSION = 5.0;
				TARGETED_DEVICE_FAMILY = "1,2";
			};
			name = Debug;
		};
		76BB86F22B70E43100A2FB9A /* Release */ = {
			isa = XCBuildConfiguration;
			buildSettings = {
				ASSETCATALOG_COMPILER_APPICON_NAME = AppIcon;
				ASSETCATALOG_COMPILER_GLOBAL_ACCENT_COLOR_NAME = AccentColor;
				CODE_SIGN_STYLE = Automatic;
				CURRENT_PROJECT_VERSION = 1;
				DEVELOPMENT_ASSET_PATHS = "\"MVVM To_Do/Preview Content\"";
				ENABLE_PREVIEWS = YES;
				GENERATE_INFOPLIST_FILE = YES;
				INFOPLIST_KEY_CFBundleDisplayName = "Do Stuff";
				INFOPLIST_KEY_UIApplicationSceneManifest_Generation = YES;
				INFOPLIST_KEY_UIApplicationSupportsIndirectInputEvents = YES;
				INFOPLIST_KEY_UILaunchScreen_Generation = YES;
				INFOPLIST_KEY_UILaunchStoryboardName = LaunchScreen.storyboard;
				INFOPLIST_KEY_UISupportedInterfaceOrientations_iPad = "UIInterfaceOrientationPortrait UIInterfaceOrientationPortraitUpsideDown UIInterfaceOrientationLandscapeLeft UIInterfaceOrientationLandscapeRight";
				INFOPLIST_KEY_UISupportedInterfaceOrientations_iPhone = "UIInterfaceOrientationPortrait UIInterfaceOrientationLandscapeLeft UIInterfaceOrientationLandscapeRight";
				LD_RUNPATH_SEARCH_PATHS = (
					"$(inherited)",
					"@executable_path/Frameworks",
				);
				MARKETING_VERSION = 1.0;
				PRODUCT_BUNDLE_IDENTIFIER = "piyushchandra.MVVM-To-Do";
				PRODUCT_NAME = "$(TARGET_NAME)";
				SWIFT_EMIT_LOC_STRINGS = YES;
				SWIFT_VERSION = 5.0;
				TARGETED_DEVICE_FAMILY = "1,2";
			};
			name = Release;
		};
/* End XCBuildConfiguration section */

/* Begin XCConfigurationList section */
		76BB86DD2B70E42F00A2FB9A /* Build configuration list for PBXProject "MVVM To_Do" */ = {
			isa = XCConfigurationList;
			buildConfigurations = (
				76BB86EE2B70E43100A2FB9A /* Debug */,
				76BB86EF2B70E43100A2FB9A /* Release */,
			);
			defaultConfigurationIsVisible = 0;
			defaultConfigurationName = Release;
		};
		76BB86F02B70E43100A2FB9A /* Build configuration list for PBXNativeTarget "MVVM To_Do" */ = {
			isa = XCConfigurationList;
			buildConfigurations = (
				76BB86F12B70E43100A2FB9A /* Debug */,
				76BB86F22B70E43100A2FB9A /* Release */,
			);
			defaultConfigurationIsVisible = 0;
			defaultConfigurationName = Release;
		};
/* End XCConfigurationList section */
	};
	rootObject = 76BB86DA2B70E42F00A2FB9A /* Project object */;
}
